// !$*UTF8*$!
{
	archiveVersion = 1;
	classes = {
	};
	objectVersion = 60;
	objects = {

/* Begin PBXBuildFile section */
		1D5BB6992C3EDD31007C661C /* MultiplePushsCoordinator.swift in Sources */ = {isa = PBXBuildFile; fileRef = 1D5BB6982C3EDD31007C661C /* MultiplePushsCoordinator.swift */; };
		1D5BB69B2C3EEE44007C661C /* MultiplePushsFirstView.swift in Sources */ = {isa = PBXBuildFile; fileRef = 1D5BB69A2C3EEE44007C661C /* MultiplePushsFirstView.swift */; };
		1D5BB69D2C3F2AA9007C661C /* MultiplePushsSecondView.swift in Sources */ = {isa = PBXBuildFile; fileRef = 1D5BB69C2C3F2AA9007C661C /* MultiplePushsSecondView.swift */; };
		1D5BB69F2C3F2B5C007C661C /* MultiplePushsThirdView.swift in Sources */ = {isa = PBXBuildFile; fileRef = 1D5BB69E2C3F2B5C007C661C /* MultiplePushsThirdView.swift */; };
		1D5BB6A22C408CA4007C661C /* PopCoordinator.swift in Sources */ = {isa = PBXBuildFile; fileRef = 1D5BB6A12C408CA4007C661C /* PopCoordinator.swift */; };
		1D5BB6A72C408D70007C661C /* PopToRootCoordinator.swift in Sources */ = {isa = PBXBuildFile; fileRef = 1D5BB6A62C408D70007C661C /* PopToRootCoordinator.swift */; };
		1D5BB6A92C408D85007C661C /* PopToSpecificCoordinator.swift in Sources */ = {isa = PBXBuildFile; fileRef = 1D5BB6A82C408D85007C661C /* PopToSpecificCoordinator.swift */; };
		1D5BB6AB2C408D98007C661C /* PopToType.swift in Sources */ = {isa = PBXBuildFile; fileRef = 1D5BB6AA2C408D98007C661C /* PopToType.swift */; };
		1D5BB6AD2C409F09007C661C /* PopFirstView.swift in Sources */ = {isa = PBXBuildFile; fileRef = 1D5BB6AC2C409F08007C661C /* PopFirstView.swift */; };
		1D5BB6AF2C409FB1007C661C /* PopRootView.swift in Sources */ = {isa = PBXBuildFile; fileRef = 1D5BB6AE2C409FB1007C661C /* PopRootView.swift */; };
		1D5BB6B12C409FC1007C661C /* PopSecondView.swift in Sources */ = {isa = PBXBuildFile; fileRef = 1D5BB6B02C409FC1007C661C /* PopSecondView.swift */; };
		1D95233F2C3DA7B5008EFE37 /* PushRootView.swift in Sources */ = {isa = PBXBuildFile; fileRef = 1D95233E2C3DA7B5008EFE37 /* PushRootView.swift */; };
		1D9523412C3DA7C7008EFE37 /* PushFirstView.swift in Sources */ = {isa = PBXBuildFile; fileRef = 1D9523402C3DA7C7008EFE37 /* PushFirstView.swift */; };
		1D9523432C3DA944008EFE37 /* MultiplePushsRootView.swift in Sources */ = {isa = PBXBuildFile; fileRef = 1D9523422C3DA944008EFE37 /* MultiplePushsRootView.swift */; };
		1D9523452C3DA9B5008EFE37 /* PushCoordinator.swift in Sources */ = {isa = PBXBuildFile; fileRef = 1D9523442C3DA9B5008EFE37 /* PushCoordinator.swift */; };
		1DCEFFBD2C2E2CC2000CCBE8 /* NavUaiApp.swift in Sources */ = {isa = PBXBuildFile; fileRef = 1DCEFFBC2C2E2CC2000CCBE8 /* NavUaiApp.swift */; };
		1DCEFFBF2C2E2CC2000CCBE8 /* RootView.swift in Sources */ = {isa = PBXBuildFile; fileRef = 1DCEFFBE2C2E2CC2000CCBE8 /* RootView.swift */; };
		1DCEFFC12C2E2CC8000CCBE8 /* Assets.xcassets in Resources */ = {isa = PBXBuildFile; fileRef = 1DCEFFC02C2E2CC8000CCBE8 /* Assets.xcassets */; };
		1DCEFFC42C2E2CC8000CCBE8 /* Preview Assets.xcassets in Resources */ = {isa = PBXBuildFile; fileRef = 1DCEFFC32C2E2CC8000CCBE8 /* Preview Assets.xcassets */; };
		1DCEFFCE2C2E2CC9000CCBE8 /* NavUaiTests.swift in Sources */ = {isa = PBXBuildFile; fileRef = 1DCEFFCD2C2E2CC9000CCBE8 /* NavUaiTests.swift */; };
		1DCEFFD82C2E2CC9000CCBE8 /* NavUaiUITests.swift in Sources */ = {isa = PBXBuildFile; fileRef = 1DCEFFD72C2E2CC9000CCBE8 /* NavUaiUITests.swift */; };
		1DCEFFDA2C2E2CC9000CCBE8 /* NavUaiUITestsLaunchTests.swift in Sources */ = {isa = PBXBuildFile; fileRef = 1DCEFFD92C2E2CC9000CCBE8 /* NavUaiUITestsLaunchTests.swift */; };
		1DCEFFE92C2E2D1B000CCBE8 /* NavUI in Frameworks */ = {isa = PBXBuildFile; productRef = 1DCEFFE82C2E2D1B000CCBE8 /* NavUI */; };
		1DCEFFEB2C2E2D52000CCBE8 /* TestsCoordinator.swift in Sources */ = {isa = PBXBuildFile; fileRef = 1DCEFFEA2C2E2D52000CCBE8 /* TestsCoordinator.swift */; };
/* End PBXBuildFile section */

/* Begin PBXContainerItemProxy section */
		1DCEFFCA2C2E2CC9000CCBE8 /* PBXContainerItemProxy */ = {
			isa = PBXContainerItemProxy;
			containerPortal = 1DCEFFB12C2E2CC2000CCBE8 /* Project object */;
			proxyType = 1;
			remoteGlobalIDString = 1DCEFFB82C2E2CC2000CCBE8;
			remoteInfo = NavUai;
		};
		1DCEFFD42C2E2CC9000CCBE8 /* PBXContainerItemProxy */ = {
			isa = PBXContainerItemProxy;
			containerPortal = 1DCEFFB12C2E2CC2000CCBE8 /* Project object */;
			proxyType = 1;
			remoteGlobalIDString = 1DCEFFB82C2E2CC2000CCBE8;
			remoteInfo = NavUai;
		};
/* End PBXContainerItemProxy section */

/* Begin PBXFileReference section */
		1D5BB6982C3EDD31007C661C /* MultiplePushsCoordinator.swift */ = {isa = PBXFileReference; lastKnownFileType = sourcecode.swift; path = MultiplePushsCoordinator.swift; sourceTree = "<group>"; };
		1D5BB69A2C3EEE44007C661C /* MultiplePushsFirstView.swift */ = {isa = PBXFileReference; lastKnownFileType = sourcecode.swift; path = MultiplePushsFirstView.swift; sourceTree = "<group>"; };
		1D5BB69C2C3F2AA9007C661C /* MultiplePushsSecondView.swift */ = {isa = PBXFileReference; lastKnownFileType = sourcecode.swift; path = MultiplePushsSecondView.swift; sourceTree = "<group>"; };
		1D5BB69E2C3F2B5C007C661C /* MultiplePushsThirdView.swift */ = {isa = PBXFileReference; lastKnownFileType = sourcecode.swift; path = MultiplePushsThirdView.swift; sourceTree = "<group>"; };
		1D5BB6A12C408CA4007C661C /* PopCoordinator.swift */ = {isa = PBXFileReference; lastKnownFileType = sourcecode.swift; path = PopCoordinator.swift; sourceTree = "<group>"; };
		1D5BB6A62C408D70007C661C /* PopToRootCoordinator.swift */ = {isa = PBXFileReference; lastKnownFileType = sourcecode.swift; path = PopToRootCoordinator.swift; sourceTree = "<group>"; };
		1D5BB6A82C408D85007C661C /* PopToSpecificCoordinator.swift */ = {isa = PBXFileReference; lastKnownFileType = sourcecode.swift; path = PopToSpecificCoordinator.swift; sourceTree = "<group>"; };
		1D5BB6AA2C408D98007C661C /* PopToType.swift */ = {isa = PBXFileReference; lastKnownFileType = sourcecode.swift; path = PopToType.swift; sourceTree = "<group>"; };
		1D5BB6AC2C409F08007C661C /* PopFirstView.swift */ = {isa = PBXFileReference; lastKnownFileType = sourcecode.swift; path = PopFirstView.swift; sourceTree = "<group>"; };
		1D5BB6AE2C409FB1007C661C /* PopRootView.swift */ = {isa = PBXFileReference; lastKnownFileType = sourcecode.swift; path = PopRootView.swift; sourceTree = "<group>"; };
		1D5BB6B02C409FC1007C661C /* PopSecondView.swift */ = {isa = PBXFileReference; lastKnownFileType = sourcecode.swift; path = PopSecondView.swift; sourceTree = "<group>"; };
		1D95233E2C3DA7B5008EFE37 /* PushRootView.swift */ = {isa = PBXFileReference; lastKnownFileType = sourcecode.swift; path = PushRootView.swift; sourceTree = "<group>"; };
		1D9523402C3DA7C7008EFE37 /* PushFirstView.swift */ = {isa = PBXFileReference; lastKnownFileType = sourcecode.swift; path = PushFirstView.swift; sourceTree = "<group>"; };
		1D9523422C3DA944008EFE37 /* MultiplePushsRootView.swift */ = {isa = PBXFileReference; lastKnownFileType = sourcecode.swift; path = MultiplePushsRootView.swift; sourceTree = "<group>"; };
		1D9523442C3DA9B5008EFE37 /* PushCoordinator.swift */ = {isa = PBXFileReference; lastKnownFileType = sourcecode.swift; path = PushCoordinator.swift; sourceTree = "<group>"; };
		1DCEFFB92C2E2CC2000CCBE8 /* NavUai.app */ = {isa = PBXFileReference; explicitFileType = wrapper.application; includeInIndex = 0; path = NavUai.app; sourceTree = BUILT_PRODUCTS_DIR; };
		1DCEFFBC2C2E2CC2000CCBE8 /* NavUaiApp.swift */ = {isa = PBXFileReference; lastKnownFileType = sourcecode.swift; path = NavUaiApp.swift; sourceTree = "<group>"; };
		1DCEFFBE2C2E2CC2000CCBE8 /* RootView.swift */ = {isa = PBXFileReference; lastKnownFileType = sourcecode.swift; path = RootView.swift; sourceTree = "<group>"; };
		1DCEFFC02C2E2CC8000CCBE8 /* Assets.xcassets */ = {isa = PBXFileReference; lastKnownFileType = folder.assetcatalog; path = Assets.xcassets; sourceTree = "<group>"; };
		1DCEFFC32C2E2CC8000CCBE8 /* Preview Assets.xcassets */ = {isa = PBXFileReference; lastKnownFileType = folder.assetcatalog; path = "Preview Assets.xcassets"; sourceTree = "<group>"; };
		1DCEFFC92C2E2CC9000CCBE8 /* NavUaiTests.xctest */ = {isa = PBXFileReference; explicitFileType = wrapper.cfbundle; includeInIndex = 0; path = NavUaiTests.xctest; sourceTree = BUILT_PRODUCTS_DIR; };
		1DCEFFCD2C2E2CC9000CCBE8 /* NavUaiTests.swift */ = {isa = PBXFileReference; lastKnownFileType = sourcecode.swift; path = NavUaiTests.swift; sourceTree = "<group>"; };
		1DCEFFD32C2E2CC9000CCBE8 /* NavUaiUITests.xctest */ = {isa = PBXFileReference; explicitFileType = wrapper.cfbundle; includeInIndex = 0; path = NavUaiUITests.xctest; sourceTree = BUILT_PRODUCTS_DIR; };
		1DCEFFD72C2E2CC9000CCBE8 /* NavUaiUITests.swift */ = {isa = PBXFileReference; lastKnownFileType = sourcecode.swift; path = NavUaiUITests.swift; sourceTree = "<group>"; };
		1DCEFFD92C2E2CC9000CCBE8 /* NavUaiUITestsLaunchTests.swift */ = {isa = PBXFileReference; lastKnownFileType = sourcecode.swift; path = NavUaiUITestsLaunchTests.swift; sourceTree = "<group>"; };
		1DCEFFE62C2E2CF9000CCBE8 /* NavUI */ = {isa = PBXFileReference; lastKnownFileType = wrapper; name = NavUI; path = ../../NavUI; sourceTree = "<group>"; };
		1DCEFFEA2C2E2D52000CCBE8 /* TestsCoordinator.swift */ = {isa = PBXFileReference; lastKnownFileType = sourcecode.swift; path = TestsCoordinator.swift; sourceTree = "<group>"; };
/* End PBXFileReference section */

/* Begin PBXFrameworksBuildPhase section */
		1DCEFFB62C2E2CC2000CCBE8 /* Frameworks */ = {
			isa = PBXFrameworksBuildPhase;
			buildActionMask = 2147483647;
			files = (
				1DCEFFE92C2E2D1B000CCBE8 /* NavUI in Frameworks */,
			);
			runOnlyForDeploymentPostprocessing = 0;
		};
		1DCEFFC62C2E2CC9000CCBE8 /* Frameworks */ = {
			isa = PBXFrameworksBuildPhase;
			buildActionMask = 2147483647;
			files = (
			);
			runOnlyForDeploymentPostprocessing = 0;
		};
		1DCEFFD02C2E2CC9000CCBE8 /* Frameworks */ = {
			isa = PBXFrameworksBuildPhase;
			buildActionMask = 2147483647;
			files = (
			);
			runOnlyForDeploymentPostprocessing = 0;
		};
/* End PBXFrameworksBuildPhase section */

/* Begin PBXGroup section */
		1D5BB6A02C408C87007C661C /* Pop */ = {
			isa = PBXGroup;
			children = (
				1D5BB6A12C408CA4007C661C /* PopCoordinator.swift */,
				1D5BB6AE2C409FB1007C661C /* PopRootView.swift */,
				1D5BB6AC2C409F08007C661C /* PopFirstView.swift */,
				1D5BB6B02C409FC1007C661C /* PopSecondView.swift */,
			);
			path = Pop;
			sourceTree = "<group>";
		};
		1D5BB6A32C408CCE007C661C /* PopToRoot */ = {
			isa = PBXGroup;
			children = (
				1D5BB6A62C408D70007C661C /* PopToRootCoordinator.swift */,
			);
			path = PopToRoot;
			sourceTree = "<group>";
		};
		1D5BB6A42C408CD6007C661C /* PopToSpecific */ = {
			isa = PBXGroup;
			children = (
				1D5BB6A82C408D85007C661C /* PopToSpecificCoordinator.swift */,
			);
			path = PopToSpecific;
			sourceTree = "<group>";
		};
		1D5BB6A52C408CEB007C661C /* PopToType */ = {
			isa = PBXGroup;
			children = (
				1D5BB6AA2C408D98007C661C /* PopToType.swift */,
			);
			path = PopToType;
			sourceTree = "<group>";
		};
		1D95233A2C3DA6FD008EFE37 /* TestFlows */ = {
			isa = PBXGroup;
			children = (
				1D95233B2C3DA70C008EFE37 /* Root */,
				1D95233C2C3DA71C008EFE37 /* Push */,
				1D95233D2C3DA726008EFE37 /* MultiplePushs */,
				1D5BB6A02C408C87007C661C /* Pop */,
				1D5BB6A32C408CCE007C661C /* PopToRoot */,
				1D5BB6A42C408CD6007C661C /* PopToSpecific */,
				1D5BB6A52C408CEB007C661C /* PopToType */,
				1DCEFFEA2C2E2D52000CCBE8 /* TestsCoordinator.swift */,
			);
			path = TestFlows;
			sourceTree = "<group>";
		};
		1D95233B2C3DA70C008EFE37 /* Root */ = {
			isa = PBXGroup;
			children = (
				1DCEFFBE2C2E2CC2000CCBE8 /* RootView.swift */,
			);
			path = Root;
			sourceTree = "<group>";
		};
		1D95233C2C3DA71C008EFE37 /* Push */ = {
			isa = PBXGroup;
			children = (
				1D9523442C3DA9B5008EFE37 /* PushCoordinator.swift */,
				1D95233E2C3DA7B5008EFE37 /* PushRootView.swift */,
				1D9523402C3DA7C7008EFE37 /* PushFirstView.swift */,
			);
			path = Push;
			sourceTree = "<group>";
		};
		1D95233D2C3DA726008EFE37 /* MultiplePushs */ = {
			isa = PBXGroup;
			children = (
				1D5BB6982C3EDD31007C661C /* MultiplePushsCoordinator.swift */,
				1D9523422C3DA944008EFE37 /* MultiplePushsRootView.swift */,
				1D5BB69A2C3EEE44007C661C /* MultiplePushsFirstView.swift */,
				1D5BB69C2C3F2AA9007C661C /* MultiplePushsSecondView.swift */,
				1D5BB69E2C3F2B5C007C661C /* MultiplePushsThirdView.swift */,
			);
			path = MultiplePushs;
			sourceTree = "<group>";
		};
		1DCEFFB02C2E2CC2000CCBE8 = {
			isa = PBXGroup;
			children = (
				1DCEFFE62C2E2CF9000CCBE8 /* NavUI */,
				1DCEFFBB2C2E2CC2000CCBE8 /* NavUai */,
				1DCEFFCC2C2E2CC9000CCBE8 /* NavUaiTests */,
				1DCEFFD62C2E2CC9000CCBE8 /* NavUaiUITests */,
				1DCEFFBA2C2E2CC2000CCBE8 /* Products */,
			);
			sourceTree = "<group>";
		};
		1DCEFFBA2C2E2CC2000CCBE8 /* Products */ = {
			isa = PBXGroup;
			children = (
				1DCEFFB92C2E2CC2000CCBE8 /* NavUai.app */,
				1DCEFFC92C2E2CC9000CCBE8 /* NavUaiTests.xctest */,
				1DCEFFD32C2E2CC9000CCBE8 /* NavUaiUITests.xctest */,
			);
			name = Products;
			sourceTree = "<group>";
		};
		1DCEFFBB2C2E2CC2000CCBE8 /* NavUai */ = {
			isa = PBXGroup;
			children = (
				1D95233A2C3DA6FD008EFE37 /* TestFlows */,
				1DCEFFBC2C2E2CC2000CCBE8 /* NavUaiApp.swift */,
				1DCEFFC02C2E2CC8000CCBE8 /* Assets.xcassets */,
				1DCEFFC22C2E2CC8000CCBE8 /* Preview Content */,
			);
			path = NavUai;
			sourceTree = "<group>";
		};
		1DCEFFC22C2E2CC8000CCBE8 /* Preview Content */ = {
			isa = PBXGroup;
			children = (
				1DCEFFC32C2E2CC8000CCBE8 /* Preview Assets.xcassets */,
			);
			path = "Preview Content";
			sourceTree = "<group>";
		};
		1DCEFFCC2C2E2CC9000CCBE8 /* NavUaiTests */ = {
			isa = PBXGroup;
			children = (
				1DCEFFCD2C2E2CC9000CCBE8 /* NavUaiTests.swift */,
			);
			path = NavUaiTests;
			sourceTree = "<group>";
		};
		1DCEFFD62C2E2CC9000CCBE8 /* NavUaiUITests */ = {
			isa = PBXGroup;
			children = (
				1DCEFFD72C2E2CC9000CCBE8 /* NavUaiUITests.swift */,
				1DCEFFD92C2E2CC9000CCBE8 /* NavUaiUITestsLaunchTests.swift */,
			);
			path = NavUaiUITests;
			sourceTree = "<group>";
		};
/* End PBXGroup section */

/* Begin PBXNativeTarget section */
		1DCEFFB82C2E2CC2000CCBE8 /* NavUai */ = {
			isa = PBXNativeTarget;
			buildConfigurationList = 1DCEFFDD2C2E2CC9000CCBE8 /* Build configuration list for PBXNativeTarget "NavUai" */;
			buildPhases = (
				1DCEFFB52C2E2CC2000CCBE8 /* Sources */,
				1DCEFFB62C2E2CC2000CCBE8 /* Frameworks */,
				1DCEFFB72C2E2CC2000CCBE8 /* Resources */,
			);
			buildRules = (
			);
			dependencies = (
			);
			name = NavUai;
			packageProductDependencies = (
				1DCEFFE82C2E2D1B000CCBE8 /* NavUI */,
			);
			productName = NavUai;
			productReference = 1DCEFFB92C2E2CC2000CCBE8 /* NavUai.app */;
			productType = "com.apple.product-type.application";
		};
		1DCEFFC82C2E2CC9000CCBE8 /* NavUaiTests */ = {
			isa = PBXNativeTarget;
			buildConfigurationList = 1DCEFFE02C2E2CC9000CCBE8 /* Build configuration list for PBXNativeTarget "NavUaiTests" */;
			buildPhases = (
				1DCEFFC52C2E2CC9000CCBE8 /* Sources */,
				1DCEFFC62C2E2CC9000CCBE8 /* Frameworks */,
				1DCEFFC72C2E2CC9000CCBE8 /* Resources */,
			);
			buildRules = (
			);
			dependencies = (
				1DCEFFCB2C2E2CC9000CCBE8 /* PBXTargetDependency */,
			);
			name = NavUaiTests;
			productName = NavUaiTests;
			productReference = 1DCEFFC92C2E2CC9000CCBE8 /* NavUaiTests.xctest */;
			productType = "com.apple.product-type.bundle.unit-test";
		};
		1DCEFFD22C2E2CC9000CCBE8 /* NavUaiUITests */ = {
			isa = PBXNativeTarget;
			buildConfigurationList = 1DCEFFE32C2E2CC9000CCBE8 /* Build configuration list for PBXNativeTarget "NavUaiUITests" */;
			buildPhases = (
				1DCEFFCF2C2E2CC9000CCBE8 /* Sources */,
				1DCEFFD02C2E2CC9000CCBE8 /* Frameworks */,
				1DCEFFD12C2E2CC9000CCBE8 /* Resources */,
			);
			buildRules = (
			);
			dependencies = (
				1DCEFFD52C2E2CC9000CCBE8 /* PBXTargetDependency */,
			);
			name = NavUaiUITests;
			productName = NavUaiUITests;
			productReference = 1DCEFFD32C2E2CC9000CCBE8 /* NavUaiUITests.xctest */;
			productType = "com.apple.product-type.bundle.ui-testing";
		};
/* End PBXNativeTarget section */

/* Begin PBXProject section */
		1DCEFFB12C2E2CC2000CCBE8 /* Project object */ = {
			isa = PBXProject;
			attributes = {
				BuildIndependentTargetsInParallel = 1;
				LastSwiftUpdateCheck = 1540;
				LastUpgradeCheck = 1540;
				TargetAttributes = {
					1DCEFFB82C2E2CC2000CCBE8 = {
						CreatedOnToolsVersion = 15.4;
					};
					1DCEFFC82C2E2CC9000CCBE8 = {
						CreatedOnToolsVersion = 15.4;
						TestTargetID = 1DCEFFB82C2E2CC2000CCBE8;
					};
					1DCEFFD22C2E2CC9000CCBE8 = {
						CreatedOnToolsVersion = 15.4;
						TestTargetID = 1DCEFFB82C2E2CC2000CCBE8;
					};
				};
			};
			buildConfigurationList = 1DCEFFB42C2E2CC2000CCBE8 /* Build configuration list for PBXProject "NavUai" */;
			compatibilityVersion = "Xcode 14.0";
			developmentRegion = en;
			hasScannedForEncodings = 0;
			knownRegions = (
				en,
				Base,
			);
			mainGroup = 1DCEFFB02C2E2CC2000CCBE8;
			packageReferences = (
				1DCEFFE72C2E2D1B000CCBE8 /* XCLocalSwiftPackageReference "../../NavUI" */,
			);
			productRefGroup = 1DCEFFBA2C2E2CC2000CCBE8 /* Products */;
			projectDirPath = "";
			projectRoot = "";
			targets = (
				1DCEFFB82C2E2CC2000CCBE8 /* NavUai */,
				1DCEFFC82C2E2CC9000CCBE8 /* NavUaiTests */,
				1DCEFFD22C2E2CC9000CCBE8 /* NavUaiUITests */,
			);
		};
/* End PBXProject section */

/* Begin PBXResourcesBuildPhase section */
		1DCEFFB72C2E2CC2000CCBE8 /* Resources */ = {
			isa = PBXResourcesBuildPhase;
			buildActionMask = 2147483647;
			files = (
				1DCEFFC42C2E2CC8000CCBE8 /* Preview Assets.xcassets in Resources */,
				1DCEFFC12C2E2CC8000CCBE8 /* Assets.xcassets in Resources */,
			);
			runOnlyForDeploymentPostprocessing = 0;
		};
		1DCEFFC72C2E2CC9000CCBE8 /* Resources */ = {
			isa = PBXResourcesBuildPhase;
			buildActionMask = 2147483647;
			files = (
			);
			runOnlyForDeploymentPostprocessing = 0;
		};
		1DCEFFD12C2E2CC9000CCBE8 /* Resources */ = {
			isa = PBXResourcesBuildPhase;
			buildActionMask = 2147483647;
			files = (
			);
			runOnlyForDeploymentPostprocessing = 0;
		};
/* End PBXResourcesBuildPhase section */

/* Begin PBXSourcesBuildPhase section */
		1DCEFFB52C2E2CC2000CCBE8 /* Sources */ = {
			isa = PBXSourcesBuildPhase;
			buildActionMask = 2147483647;
			files = (
				1D95233F2C3DA7B5008EFE37 /* PushRootView.swift in Sources */,
				1D5BB6A92C408D85007C661C /* PopToSpecificCoordinator.swift in Sources */,
				1DCEFFBF2C2E2CC2000CCBE8 /* RootView.swift in Sources */,
				1D5BB6A22C408CA4007C661C /* PopCoordinator.swift in Sources */,
				1D5BB6A72C408D70007C661C /* PopToRootCoordinator.swift in Sources */,
				1D9523452C3DA9B5008EFE37 /* PushCoordinator.swift in Sources */,
				1D9523412C3DA7C7008EFE37 /* PushFirstView.swift in Sources */,
				1D5BB69B2C3EEE44007C661C /* MultiplePushsFirstView.swift in Sources */,
				1D5BB69F2C3F2B5C007C661C /* MultiplePushsThirdView.swift in Sources */,
				1D5BB6992C3EDD31007C661C /* MultiplePushsCoordinator.swift in Sources */,
				1D5BB69D2C3F2AA9007C661C /* MultiplePushsSecondView.swift in Sources */,
				1D5BB6AF2C409FB1007C661C /* PopRootView.swift in Sources */,
				1D5BB6AB2C408D98007C661C /* PopToType.swift in Sources */,
				1DCEFFEB2C2E2D52000CCBE8 /* TestsCoordinator.swift in Sources */,
				1D5BB6B12C409FC1007C661C /* PopSecondView.swift in Sources */,
				1D9523432C3DA944008EFE37 /* MultiplePushsRootView.swift in Sources */,
				1DCEFFBD2C2E2CC2000CCBE8 /* NavUaiApp.swift in Sources */,
				1D5BB6AD2C409F09007C661C /* PopFirstView.swift in Sources */,
			);
			runOnlyForDeploymentPostprocessing = 0;
		};
		1DCEFFC52C2E2CC9000CCBE8 /* Sources */ = {
			isa = PBXSourcesBuildPhase;
			buildActionMask = 2147483647;
			files = (
				1DCEFFCE2C2E2CC9000CCBE8 /* NavUaiTests.swift in Sources */,
			);
			runOnlyForDeploymentPostprocessing = 0;
		};
		1DCEFFCF2C2E2CC9000CCBE8 /* Sources */ = {
			isa = PBXSourcesBuildPhase;
			buildActionMask = 2147483647;
			files = (
				1DCEFFDA2C2E2CC9000CCBE8 /* NavUaiUITestsLaunchTests.swift in Sources */,
				1DCEFFD82C2E2CC9000CCBE8 /* NavUaiUITests.swift in Sources */,
			);
			runOnlyForDeploymentPostprocessing = 0;
		};
/* End PBXSourcesBuildPhase section */

/* Begin PBXTargetDependency section */
		1DCEFFCB2C2E2CC9000CCBE8 /* PBXTargetDependency */ = {
			isa = PBXTargetDependency;
			target = 1DCEFFB82C2E2CC2000CCBE8 /* NavUai */;
			targetProxy = 1DCEFFCA2C2E2CC9000CCBE8 /* PBXContainerItemProxy */;
		};
		1DCEFFD52C2E2CC9000CCBE8 /* PBXTargetDependency */ = {
			isa = PBXTargetDependency;
			target = 1DCEFFB82C2E2CC2000CCBE8 /* NavUai */;
			targetProxy = 1DCEFFD42C2E2CC9000CCBE8 /* PBXContainerItemProxy */;
		};
/* End PBXTargetDependency section */

/* Begin XCBuildConfiguration section */
		1DCEFFDB2C2E2CC9000CCBE8 /* Debug */ = {
			isa = XCBuildConfiguration;
			buildSettings = {
				ALWAYS_SEARCH_USER_PATHS = NO;
				ASSETCATALOG_COMPILER_GENERATE_SWIFT_ASSET_SYMBOL_EXTENSIONS = YES;
				CLANG_ANALYZER_NONNULL = YES;
				CLANG_ANALYZER_NUMBER_OBJECT_CONVERSION = YES_AGGRESSIVE;
				CLANG_CXX_LANGUAGE_STANDARD = "gnu++20";
				CLANG_ENABLE_MODULES = YES;
				CLANG_ENABLE_OBJC_ARC = YES;
				CLANG_ENABLE_OBJC_WEAK = YES;
				CLANG_WARN_BLOCK_CAPTURE_AUTORELEASING = YES;
				CLANG_WARN_BOOL_CONVERSION = YES;
				CLANG_WARN_COMMA = YES;
				CLANG_WARN_CONSTANT_CONVERSION = YES;
				CLANG_WARN_DEPRECATED_OBJC_IMPLEMENTATIONS = YES;
				CLANG_WARN_DIRECT_OBJC_ISA_USAGE = YES_ERROR;
				CLANG_WARN_DOCUMENTATION_COMMENTS = YES;
				CLANG_WARN_EMPTY_BODY = YES;
				CLANG_WARN_ENUM_CONVERSION = YES;
				CLANG_WARN_INFINITE_RECURSION = YES;
				CLANG_WARN_INT_CONVERSION = YES;
				CLANG_WARN_NON_LITERAL_NULL_CONVERSION = YES;
				CLANG_WARN_OBJC_IMPLICIT_RETAIN_SELF = YES;
				CLANG_WARN_OBJC_LITERAL_CONVERSION = YES;
				CLANG_WARN_OBJC_ROOT_CLASS = YES_ERROR;
				CLANG_WARN_QUOTED_INCLUDE_IN_FRAMEWORK_HEADER = YES;
				CLANG_WARN_RANGE_LOOP_ANALYSIS = YES;
				CLANG_WARN_STRICT_PROTOTYPES = YES;
				CLANG_WARN_SUSPICIOUS_MOVE = YES;
				CLANG_WARN_UNGUARDED_AVAILABILITY = YES_AGGRESSIVE;
				CLANG_WARN_UNREACHABLE_CODE = YES;
				CLANG_WARN__DUPLICATE_METHOD_MATCH = YES;
				COPY_PHASE_STRIP = NO;
				DEBUG_INFORMATION_FORMAT = dwarf;
				ENABLE_STRICT_OBJC_MSGSEND = YES;
				ENABLE_TESTABILITY = YES;
				ENABLE_USER_SCRIPT_SANDBOXING = YES;
				GCC_C_LANGUAGE_STANDARD = gnu17;
				GCC_DYNAMIC_NO_PIC = NO;
				GCC_NO_COMMON_BLOCKS = YES;
				GCC_OPTIMIZATION_LEVEL = 0;
				GCC_PREPROCESSOR_DEFINITIONS = (
					"DEBUG=1",
					"$(inherited)",
				);
				GCC_WARN_64_TO_32_BIT_CONVERSION = YES;
				GCC_WARN_ABOUT_RETURN_TYPE = YES_ERROR;
				GCC_WARN_UNDECLARED_SELECTOR = YES;
				GCC_WARN_UNINITIALIZED_AUTOS = YES_AGGRESSIVE;
				GCC_WARN_UNUSED_FUNCTION = YES;
				GCC_WARN_UNUSED_VARIABLE = YES;
				IPHONEOS_DEPLOYMENT_TARGET = 17.5;
				LOCALIZATION_PREFERS_STRING_CATALOGS = YES;
				MTL_ENABLE_DEBUG_INFO = INCLUDE_SOURCE;
				MTL_FAST_MATH = YES;
				ONLY_ACTIVE_ARCH = YES;
				SDKROOT = iphoneos;
				SWIFT_ACTIVE_COMPILATION_CONDITIONS = "DEBUG $(inherited)";
				SWIFT_OPTIMIZATION_LEVEL = "-Onone";
			};
			name = Debug;
		};
		1DCEFFDC2C2E2CC9000CCBE8 /* Release */ = {
			isa = XCBuildConfiguration;
			buildSettings = {
				ALWAYS_SEARCH_USER_PATHS = NO;
				ASSETCATALOG_COMPILER_GENERATE_SWIFT_ASSET_SYMBOL_EXTENSIONS = YES;
				CLANG_ANALYZER_NONNULL = YES;
				CLANG_ANALYZER_NUMBER_OBJECT_CONVERSION = YES_AGGRESSIVE;
				CLANG_CXX_LANGUAGE_STANDARD = "gnu++20";
				CLANG_ENABLE_MODULES = YES;
				CLANG_ENABLE_OBJC_ARC = YES;
				CLANG_ENABLE_OBJC_WEAK = YES;
				CLANG_WARN_BLOCK_CAPTURE_AUTORELEASING = YES;
				CLANG_WARN_BOOL_CONVERSION = YES;
				CLANG_WARN_COMMA = YES;
				CLANG_WARN_CONSTANT_CONVERSION = YES;
				CLANG_WARN_DEPRECATED_OBJC_IMPLEMENTATIONS = YES;
				CLANG_WARN_DIRECT_OBJC_ISA_USAGE = YES_ERROR;
				CLANG_WARN_DOCUMENTATION_COMMENTS = YES;
				CLANG_WARN_EMPTY_BODY = YES;
				CLANG_WARN_ENUM_CONVERSION = YES;
				CLANG_WARN_INFINITE_RECURSION = YES;
				CLANG_WARN_INT_CONVERSION = YES;
				CLANG_WARN_NON_LITERAL_NULL_CONVERSION = YES;
				CLANG_WARN_OBJC_IMPLICIT_RETAIN_SELF = YES;
				CLANG_WARN_OBJC_LITERAL_CONVERSION = YES;
				CLANG_WARN_OBJC_ROOT_CLASS = YES_ERROR;
				CLANG_WARN_QUOTED_INCLUDE_IN_FRAMEWORK_HEADER = YES;
				CLANG_WARN_RANGE_LOOP_ANALYSIS = YES;
				CLANG_WARN_STRICT_PROTOTYPES = YES;
				CLANG_WARN_SUSPICIOUS_MOVE = YES;
				CLANG_WARN_UNGUARDED_AVAILABILITY = YES_AGGRESSIVE;
				CLANG_WARN_UNREACHABLE_CODE = YES;
				CLANG_WARN__DUPLICATE_METHOD_MATCH = YES;
				COPY_PHASE_STRIP = NO;
				DEBUG_INFORMATION_FORMAT = "dwarf-with-dsym";
				ENABLE_NS_ASSERTIONS = NO;
				ENABLE_STRICT_OBJC_MSGSEND = YES;
				ENABLE_USER_SCRIPT_SANDBOXING = YES;
				GCC_C_LANGUAGE_STANDARD = gnu17;
				GCC_NO_COMMON_BLOCKS = YES;
				GCC_WARN_64_TO_32_BIT_CONVERSION = YES;
				GCC_WARN_ABOUT_RETURN_TYPE = YES_ERROR;
				GCC_WARN_UNDECLARED_SELECTOR = YES;
				GCC_WARN_UNINITIALIZED_AUTOS = YES_AGGRESSIVE;
				GCC_WARN_UNUSED_FUNCTION = YES;
				GCC_WARN_UNUSED_VARIABLE = YES;
				IPHONEOS_DEPLOYMENT_TARGET = 17.5;
				LOCALIZATION_PREFERS_STRING_CATALOGS = YES;
				MTL_ENABLE_DEBUG_INFO = NO;
				MTL_FAST_MATH = YES;
				SDKROOT = iphoneos;
				SWIFT_COMPILATION_MODE = wholemodule;
				VALIDATE_PRODUCT = YES;
			};
			name = Release;
		};
		1DCEFFDE2C2E2CC9000CCBE8 /* Debug */ = {
			isa = XCBuildConfiguration;
			buildSettings = {
				ASSETCATALOG_COMPILER_APPICON_NAME = AppIcon;
				ASSETCATALOG_COMPILER_GLOBAL_ACCENT_COLOR_NAME = AccentColor;
				CODE_SIGN_STYLE = Automatic;
				CURRENT_PROJECT_VERSION = 1;
				DEVELOPMENT_ASSET_PATHS = "\"NavUai/Preview Content\"";
				DEVELOPMENT_TEAM = 259M5KH7D3;
				ENABLE_PREVIEWS = YES;
				GENERATE_INFOPLIST_FILE = YES;
				INFOPLIST_KEY_UIApplicationSceneManifest_Generation = YES;
				INFOPLIST_KEY_UIApplicationSupportsIndirectInputEvents = YES;
				INFOPLIST_KEY_UILaunchScreen_Generation = YES;
				INFOPLIST_KEY_UISupportedInterfaceOrientations_iPad = "UIInterfaceOrientationPortrait UIInterfaceOrientationPortraitUpsideDown UIInterfaceOrientationLandscapeLeft UIInterfaceOrientationLandscapeRight";
				INFOPLIST_KEY_UISupportedInterfaceOrientations_iPhone = "UIInterfaceOrientationPortrait UIInterfaceOrientationLandscapeLeft UIInterfaceOrientationLandscapeRight";
				IPHONEOS_DEPLOYMENT_TARGET = 17.0;
				LD_RUNPATH_SEARCH_PATHS = (
					"$(inherited)",
					"@executable_path/Frameworks",
				);
				MARKETING_VERSION = 1.0;
				PRODUCT_BUNDLE_IDENTIFIER = gustavoalens.NavUai;
				PRODUCT_NAME = "$(TARGET_NAME)";
				SWIFT_EMIT_LOC_STRINGS = YES;
				SWIFT_VERSION = 5.0;
				TARGETED_DEVICE_FAMILY = "1,2";
			};
			name = Debug;
		};
		1DCEFFDF2C2E2CC9000CCBE8 /* Release */ = {
			isa = XCBuildConfiguration;
			buildSettings = {
				ASSETCATALOG_COMPILER_APPICON_NAME = AppIcon;
				ASSETCATALOG_COMPILER_GLOBAL_ACCENT_COLOR_NAME = AccentColor;
				CODE_SIGN_STYLE = Automatic;
				CURRENT_PROJECT_VERSION = 1;
				DEVELOPMENT_ASSET_PATHS = "\"NavUai/Preview Content\"";
				DEVELOPMENT_TEAM = 259M5KH7D3;
				ENABLE_PREVIEWS = YES;
				GENERATE_INFOPLIST_FILE = YES;
				INFOPLIST_KEY_UIApplicationSceneManifest_Generation = YES;
				INFOPLIST_KEY_UIApplicationSupportsIndirectInputEvents = YES;
				INFOPLIST_KEY_UILaunchScreen_Generation = YES;
				INFOPLIST_KEY_UISupportedInterfaceOrientations_iPad = "UIInterfaceOrientationPortrait UIInterfaceOrientationPortraitUpsideDown UIInterfaceOrientationLandscapeLeft UIInterfaceOrientationLandscapeRight";
				INFOPLIST_KEY_UISupportedInterfaceOrientations_iPhone = "UIInterfaceOrientationPortrait UIInterfaceOrientationLandscapeLeft UIInterfaceOrientationLandscapeRight";
				IPHONEOS_DEPLOYMENT_TARGET = 17.0;
				LD_RUNPATH_SEARCH_PATHS = (
					"$(inherited)",
					"@executable_path/Frameworks",
				);
				MARKETING_VERSION = 1.0;
				PRODUCT_BUNDLE_IDENTIFIER = gustavoalens.NavUai;
				PRODUCT_NAME = "$(TARGET_NAME)";
				SWIFT_EMIT_LOC_STRINGS = YES;
				SWIFT_VERSION = 5.0;
				TARGETED_DEVICE_FAMILY = "1,2";
			};
			name = Release;
		};
		1DCEFFE12C2E2CC9000CCBE8 /* Debug */ = {
			isa = XCBuildConfiguration;
			buildSettings = {
				ALWAYS_EMBED_SWIFT_STANDARD_LIBRARIES = YES;
				BUNDLE_LOADER = "$(TEST_HOST)";
				CODE_SIGN_STYLE = Automatic;
				CURRENT_PROJECT_VERSION = 1;
				DEVELOPMENT_TEAM = 259M5KH7D3;
				GENERATE_INFOPLIST_FILE = YES;
				IPHONEOS_DEPLOYMENT_TARGET = 17.5;
				MARKETING_VERSION = 1.0;
				PRODUCT_BUNDLE_IDENTIFIER = gustavoalens.NavUaiTests;
				PRODUCT_NAME = "$(TARGET_NAME)";
				SWIFT_EMIT_LOC_STRINGS = NO;
				SWIFT_VERSION = 5.0;
				TARGETED_DEVICE_FAMILY = "1,2";
				TEST_HOST = "$(BUILT_PRODUCTS_DIR)/NavUai.app/$(BUNDLE_EXECUTABLE_FOLDER_PATH)/NavUai";
			};
			name = Debug;
		};
		1DCEFFE22C2E2CC9000CCBE8 /* Release */ = {
			isa = XCBuildConfiguration;
			buildSettings = {
				ALWAYS_EMBED_SWIFT_STANDARD_LIBRARIES = YES;
				BUNDLE_LOADER = "$(TEST_HOST)";
				CODE_SIGN_STYLE = Automatic;
				CURRENT_PROJECT_VERSION = 1;
				DEVELOPMENT_TEAM = 259M5KH7D3;
				GENERATE_INFOPLIST_FILE = YES;
				IPHONEOS_DEPLOYMENT_TARGET = 17.5;
				MARKETING_VERSION = 1.0;
				PRODUCT_BUNDLE_IDENTIFIER = gustavoalens.NavUaiTests;
				PRODUCT_NAME = "$(TARGET_NAME)";
				SWIFT_EMIT_LOC_STRINGS = NO;
				SWIFT_VERSION = 5.0;
				TARGETED_DEVICE_FAMILY = "1,2";
				TEST_HOST = "$(BUILT_PRODUCTS_DIR)/NavUai.app/$(BUNDLE_EXECUTABLE_FOLDER_PATH)/NavUai";
			};
			name = Release;
		};
		1DCEFFE42C2E2CC9000CCBE8 /* Debug */ = {
			isa = XCBuildConfiguration;
			buildSettings = {
				ALWAYS_EMBED_SWIFT_STANDARD_LIBRARIES = YES;
				CODE_SIGN_STYLE = Automatic;
				CURRENT_PROJECT_VERSION = 1;
				DEVELOPMENT_TEAM = 259M5KH7D3;
				GENERATE_INFOPLIST_FILE = YES;
				MARKETING_VERSION = 1.0;
				PRODUCT_BUNDLE_IDENTIFIER = gustavoalens.NavUaiUITests;
				PRODUCT_NAME = "$(TARGET_NAME)";
				SWIFT_EMIT_LOC_STRINGS = NO;
				SWIFT_VERSION = 5.0;
				TARGETED_DEVICE_FAMILY = "1,2";
				TEST_TARGET_NAME = NavUai;
			};
			name = Debug;
		};
		1DCEFFE52C2E2CC9000CCBE8 /* Release */ = {
			isa = XCBuildConfiguration;
			buildSettings = {
				ALWAYS_EMBED_SWIFT_STANDARD_LIBRARIES = YES;
				CODE_SIGN_STYLE = Automatic;
				CURRENT_PROJECT_VERSION = 1;
				DEVELOPMENT_TEAM = 259M5KH7D3;
				GENERATE_INFOPLIST_FILE = YES;
				MARKETING_VERSION = 1.0;
				PRODUCT_BUNDLE_IDENTIFIER = gustavoalens.NavUaiUITests;
				PRODUCT_NAME = "$(TARGET_NAME)";
				SWIFT_EMIT_LOC_STRINGS = NO;
				SWIFT_VERSION = 5.0;
				TARGETED_DEVICE_FAMILY = "1,2";
				TEST_TARGET_NAME = NavUai;
			};
			name = Release;
		};
/* End XCBuildConfiguration section */

/* Begin XCConfigurationList section */
		1DCEFFB42C2E2CC2000CCBE8 /* Build configuration list for PBXProject "NavUai" */ = {
			isa = XCConfigurationList;
			buildConfigurations = (
				1DCEFFDB2C2E2CC9000CCBE8 /* Debug */,
				1DCEFFDC2C2E2CC9000CCBE8 /* Release */,
			);
			defaultConfigurationIsVisible = 0;
			defaultConfigurationName = Release;
		};
		1DCEFFDD2C2E2CC9000CCBE8 /* Build configuration list for PBXNativeTarget "NavUai" */ = {
			isa = XCConfigurationList;
			buildConfigurations = (
				1DCEFFDE2C2E2CC9000CCBE8 /* Debug */,
				1DCEFFDF2C2E2CC9000CCBE8 /* Release */,
			);
			defaultConfigurationIsVisible = 0;
			defaultConfigurationName = Release;
		};
		1DCEFFE02C2E2CC9000CCBE8 /* Build configuration list for PBXNativeTarget "NavUaiTests" */ = {
			isa = XCConfigurationList;
			buildConfigurations = (
				1DCEFFE12C2E2CC9000CCBE8 /* Debug */,
				1DCEFFE22C2E2CC9000CCBE8 /* Release */,
			);
			defaultConfigurationIsVisible = 0;
			defaultConfigurationName = Release;
		};
		1DCEFFE32C2E2CC9000CCBE8 /* Build configuration list for PBXNativeTarget "NavUaiUITests" */ = {
			isa = XCConfigurationList;
			buildConfigurations = (
				1DCEFFE42C2E2CC9000CCBE8 /* Debug */,
				1DCEFFE52C2E2CC9000CCBE8 /* Release */,
			);
			defaultConfigurationIsVisible = 0;
			defaultConfigurationName = Release;
		};
/* End XCConfigurationList section */

/* Begin XCLocalSwiftPackageReference section */
		1DCEFFE72C2E2D1B000CCBE8 /* XCLocalSwiftPackageReference "../../NavUI" */ = {
			isa = XCLocalSwiftPackageReference;
			relativePath = ../../NavUI;
		};
/* End XCLocalSwiftPackageReference section */

/* Begin XCSwiftPackageProductDependency section */
		1DCEFFE82C2E2D1B000CCBE8 /* NavUI */ = {
			isa = XCSwiftPackageProductDependency;
			productName = NavUI;
		};
/* End XCSwiftPackageProductDependency section */
	};
	rootObject = 1DCEFFB12C2E2CC2000CCBE8 /* Project object */;
}
